
Microsoft Visual Studio Solution File, Format Version 12.00
# Visual Studio Version 16
VisualStudioVersion = 16.0.31702.278
MinimumVisualStudioVersion = 10.0.40219.1
Project("{9A19103F-16F7-4668-BE54-9A1E7A4F7556}") = "UI", "UI\UI.csproj", "{1AC358DA-160E-4DBA-B5A6-49B5482E560D}"
EndProject
Project("{9A19103F-16F7-4668-BE54-9A1E7A4F7556}") = "BusinessLogic", "BusinessLogic\BusinessLogic.csproj", "{2F968513-E7D8-4C83-9BB2-9848AC3F7C20}"
EndProject
Project("{9A19103F-16F7-4668-BE54-9A1E7A4F7556}") = "DataLayer", "DataLayer\DataLayer.csproj", "{6D01383B-5B87-49F8-A3EC-72BB8A478A32}"
EndProject
Project("{FAE04EC0-301F-11D3-BF4B-00C04F79EFBC}") = "Common", "Common\Common.csproj", "{1F916666-56F7-44DF-AC33-592248944B3A}"
EndProject
Global
	GlobalSection(SolutionConfigurationPlatforms) = preSolution
		Debug|Any CPU = Debug|Any CPU
		Release|Any CPU = Release|Any CPU
	EndGlobalSection
	GlobalSection(ProjectConfigurationPlatforms) = postSolution
		{1AC358DA-160E-4DBA-B5A6-49B5482E560D}.Debug|Any CPU.ActiveCfg = Debug|Any CPU
		{1AC358DA-160E-4DBA-B5A6-49B5482E560D}.Debug|Any CPU.Build.0 = Debug|Any CPU
		{1AC358DA-160E-4DBA-B5A6-49B5482E560D}.Release|Any CPU.ActiveCfg = Release|Any CPU
		{1AC358DA-160E-4DBA-B5A6-49B5482E560D}.Release|Any CPU.Build.0 = Release|Any CPU
		{2F968513-E7D8-4C83-9BB2-9848AC3F7C20}.Debug|Any CPU.ActiveCfg = Debug|Any CPU
		{2F968513-E7D8-4C83-9BB2-9848AC3F7C20}.Debug|Any CPU.Build.0 = Debug|Any CPU
		{2F968513-E7D8-4C83-9BB2-9848AC3F7C20}.Release|Any CPU.ActiveCfg = Release|Any CPU
		{2F968513-E7D8-4C83-9BB2-9848AC3F7C20}.Release|Any CPU.Build.0 = Release|Any CPU
		{6D01383B-5B87-49F8-A3EC-72BB8A478A32}.Debug|Any CPU.ActiveCfg = Debug|Any CPU
		{6D01383B-5B87-49F8-A3EC-72BB8A478A32}.Debug|Any CPU.Build.0 = Debug|Any CPU
		{6D01383B-5B87-49F8-A3EC-72BB8A478A32}.Release|Any CPU.ActiveCfg = Release|Any CPU
		{6D01383B-5B87-49F8-A3EC-72BB8A478A32}.Release|Any CPU.Build.0 = Release|Any CPU
		{1F916666-56F7-44DF-AC33-592248944B3A}.Debug|Any CPU.ActiveCfg = Debug|Any CPU
		{1F916666-56F7-44DF-AC33-592248944B3A}.Debug|Any CPU.Build.0 = Debug|Any CPU
		{1F916666-56F7-44DF-AC33-592248944B3A}.Release|Any CPU.ActiveCfg = Release|Any CPU
		{1F916666-56F7-44DF-AC33-592248944B3A}.Release|Any CPU.Build.0 = Release|Any CPU
	EndGlobalSection
	GlobalSection(SolutionProperties) = preSolution
		HideSolutionNode = FALSE
	EndGlobalSection
	GlobalSection(ExtensibilityGlobals) = postSolution
		SolutionGuid = {396D9B3B-7124-4683-983A-804947B9A4D4}
	EndGlobalSection
EndGlobal
